
Microsoft Visual Studio Solution File, Format Version 12.00
# Visual Studio Version 16
VisualStudioVersion = 16.0.29326.143
MinimumVisualStudioVersion = 10.0.40219.1
Project("{FAE04EC0-301F-11D3-BF4B-00C04F79EFBC}") = "netFrameworkUsuarios", "netFrameworkUsuarios\netFrameworkUsuarios.csproj", "{16119014-A47E-4226-B46F-53BB9164F93A}"
EndProject
Project("{FAE04EC0-301F-11D3-BF4B-00C04F79EFBC}") = "Management.Data", "Management.Data\Management.Data.csproj", "{0469B211-FADD-4283-88E8-2CFDD754C7C0}"
EndProject
Project("{FAE04EC0-301F-11D3-BF4B-00C04F79EFBC}") = "Management.Models", "Management.Models\Management.Models.csproj", "{A144AB5A-814C-4DC9-8339-9E0B05183B3D}"
EndProject
Global
	GlobalSection(SolutionConfigurationPlatforms) = preSolution
		Debug|Any CPU = Debug|Any CPU
		Release|Any CPU = Release|Any CPU
	EndGlobalSection
	GlobalSection(ProjectConfigurationPlatforms) = postSolution
		{16119014-A47E-4226-B46F-53BB9164F93A}.Debug|Any CPU.ActiveCfg = Debug|Any CPU
		{16119014-A47E-4226-B46F-53BB9164F93A}.Debug|Any CPU.Build.0 = Debug|Any CPU
		{16119014-A47E-4226-B46F-53BB9164F93A}.Release|Any CPU.ActiveCfg = Release|Any CPU
		{16119014-A47E-4226-B46F-53BB9164F93A}.Release|Any CPU.Build.0 = Release|Any CPU
		{0469B211-FADD-4283-88E8-2CFDD754C7C0}.Debug|Any CPU.ActiveCfg = Debug|Any CPU
		{0469B211-FADD-4283-88E8-2CFDD754C7C0}.Debug|Any CPU.Build.0 = Debug|Any CPU
		{0469B211-FADD-4283-88E8-2CFDD754C7C0}.Release|Any CPU.ActiveCfg = Release|Any CPU
		{0469B211-FADD-4283-88E8-2CFDD754C7C0}.Release|Any CPU.Build.0 = Release|Any CPU
		{A144AB5A-814C-4DC9-8339-9E0B05183B3D}.Debug|Any CPU.ActiveCfg = Debug|Any CPU
		{A144AB5A-814C-4DC9-8339-9E0B05183B3D}.Debug|Any CPU.Build.0 = Debug|Any CPU
		{A144AB5A-814C-4DC9-8339-9E0B05183B3D}.Release|Any CPU.ActiveCfg = Release|Any CPU
		{A144AB5A-814C-4DC9-8339-9E0B05183B3D}.Release|Any CPU.Build.0 = Release|Any CPU
	EndGlobalSection
	GlobalSection(SolutionProperties) = preSolution
		HideSolutionNode = FALSE
	EndGlobalSection
	GlobalSection(ExtensibilityGlobals) = postSolution
		EnterpriseLibraryConfigurationToolBinariesPathV6 = packages\EnterpriseLibrary.Common.6.0.1304.0\lib\NET45;packages\EnterpriseLibrary.Data.6.0.1304.0\lib\NET45
		SolutionGuid = {2E650461-9C7B-46E3-BDE9-A7DDB4FA6AAE}
	EndGlobalSection
EndGlobal
